[metadata]
lock_version = 1
declaration_hash_version = 1
declaration_hash = "sha256:cf5176fa05fb92f7fb5563f4dae3027c7a03917d7fc778d1ea4f1be057946ec9"
generated_by = "ocx 0.3.1"
generated_at = "2026-05-28T10:09:39Z"

[[tool]]
name = "task"
group = "default"
pinned = "ocx.sh/go-task@sha256:fcfad89eae0672b309b5bcc7bb25e592cab244296dd9885233631b95da1ee41c"

[[tool]]
name = "uv"
group = "default"
pinned = "ocx.sh/uv@sha256:b72aa090d385d194ee4ba3723397b8cfb6ee49cd49a6ad5dd9b79decdaa4a74a"
